{
    "_readme": [
        "This file locks the dependencies of your project to a known state",
        "Read more about it at https://getcomposer.org/doc/01-basic-usage.md#composer-lock-the-lock-file",
        "This file is @generated automatically"
    ],
    "content-hash": "04f247602ee46495b2c88903f6a4ffa5",
    "packages": [
        {
            "name": "octalmage/wp-unit-test-api-client-php",
            "version": "dev-master",
            "source": {
                "type": "git",
                "url": "https://github.com/octalmage/wp-unit-test-api-client-php.git",
                "reference": "fad175fc72706762c5bfa20b1319689cbe8f5b5a"
            },
            "require": {
                "ext-curl": "*",
                "ext-json": "*",
                "ext-mbstring": "*",
                "php": ">=5.4"
            },
            "require-dev": {
                "friendsofphp/php-cs-fixer": "~1.12",
                "phpunit/phpunit": "~4.8",
                "satooshi/php-coveralls": "~1.0",
                "squizlabs/php_codesniffer": "~2.6"
            },
            "type": "library",
            "autoload": {
                "psr-4": {
                    "octalmage\\WPUnitTestApi\\": "lib/"
                }
            },
            "autoload-dev": {
                "psr-4": {
                    "octalmage\\WPUnitTestApi\\": "test/"
                }
            },
            "license": [
                "proprietary"
            ],
            "authors": [
                {
                    "name": "Swagger and contributors",
                    "homepage": "https://github.com/swagger-api/swagger-codegen"
                }
            ],
            "homepage": "http://swagger.io",
            "keywords": [
                "api",
                "php",
                "sdk",
                "swagger"
            ],
            "time": "2017-06-29 21:51:39"
        }
    ],
    "packages-dev": [],
    "aliases": [],
    "minimum-stability": "stable",
    "stability-flags": {
        "octalmage/wp-unit-test-api-client-php": 20
    },
    "prefer-stable": false,
    "prefer-lowest": false,
    "platform": [],
    "platform-dev": []
}
